
Microsoft Visual Studio Solution File, Format Version 12.00
# Visual Studio Version 17
VisualStudioVersion = 17.8.34511.84
MinimumVisualStudioVersion = 10.0.40219.1
Project("{FAE04EC0-301F-11D3-BF4B-00C04F79EFBC}") = "CIS199E1S24", "CIS199E1S24\CIS199E1S24.csproj", "{0621C216-C0D0-4EF0-849E-6456F3AE4B94}"
EndProject
Global
	GlobalSection(SolutionConfigurationPlatforms) = preSolution
		Debug|Any CPU = Debug|Any CPU
		Release|Any CPU = Release|Any CPU
	EndGlobalSection
	GlobalSection(ProjectConfigurationPlatforms) = postSolution
		{0621C216-C0D0-4EF0-849E-6456F3AE4B94}.Debug|Any CPU.ActiveCfg = Debug|Any CPU
		{0621C216-C0D0-4EF0-849E-6456F3AE4B94}.Debug|Any CPU.Build.0 = Debug|Any CPU
		{0621C216-C0D0-4EF0-849E-6456F3AE4B94}.Release|Any CPU.ActiveCfg = Release|Any CPU
		{0621C216-C0D0-4EF0-849E-6456F3AE4B94}.Release|Any CPU.Build.0 = Release|Any CPU
	EndGlobalSection
	GlobalSection(SolutionProperties) = preSolution
		HideSolutionNode = FALSE
	EndGlobalSection
	GlobalSection(ExtensibilityGlobals) = postSolution
		SolutionGuid = {96A6D235-4865-4701-BF96-FD080C742CA8}
	EndGlobalSection
EndGlobal
